
Microsoft Visual Studio Solution File, Format Version 12.00
# Visual Studio 15
VisualStudioVersion = 15.0.26730.16
MinimumVisualStudioVersion = 10.0.40219.1
Project("{9A19103F-16F7-4668-BE54-9A1E7A4F7556}") = "Level 1 - Austin", "WebApplication3\Level 1 - Austin.csproj", "{D3E5E7B3-51EB-49AC-80B3-988D4FA717F8}"
EndProject
Global
	GlobalSection(SolutionConfigurationPlatforms) = preSolution
		Debug|Any CPU = Debug|Any CPU
		Release|Any CPU = Release|Any CPU
	EndGlobalSection
	GlobalSection(ProjectConfigurationPlatforms) = postSolution
		{D3E5E7B3-51EB-49AC-80B3-988D4FA717F8}.Debug|Any CPU.ActiveCfg = Debug|Any CPU
		{D3E5E7B3-51EB-49AC-80B3-988D4FA717F8}.Debug|Any CPU.Build.0 = Debug|Any CPU
		{D3E5E7B3-51EB-49AC-80B3-988D4FA717F8}.Release|Any CPU.ActiveCfg = Release|Any CPU
		{D3E5E7B3-51EB-49AC-80B3-988D4FA717F8}.Release|Any CPU.Build.0 = Release|Any CPU
	EndGlobalSection
	GlobalSection(SolutionProperties) = preSolution
		HideSolutionNode = FALSE
	EndGlobalSection
	GlobalSection(ExtensibilityGlobals) = postSolution
		SolutionGuid = {B90ED1B2-E0BA-4A40-9DA2-8E2B7D8F02A9}
	EndGlobalSection
EndGlobal
